// !$*UTF8*$!
{
	archiveVersion = 1;
	classes = {
	};
	objectVersion = 46;
	objects = {

/* Begin PBXBuildFile section */
		52133C811BF8E41A00020480 /* main.m in Sources */ = {isa = PBXBuildFile; fileRef = 52133C801BF8E41A00020480 /* main.m */; };
		52133C841BF8E41A00020480 /* AppDelegate.m in Sources */ = {isa = PBXBuildFile; fileRef = 52133C831BF8E41A00020480 /* AppDelegate.m */; };
		52133C871BF8E41A00020480 /* CategoriesTableViewController.m in Sources */ = {isa = PBXBuildFile; fileRef = 52133C861BF8E41A00020480 /* CategoriesTableViewController.m */; };
		52133C8C1BF8E41B00020480 /* Assets.xcassets in Resources */ = {isa = PBXBuildFile; fileRef = 52133C8B1BF8E41B00020480 /* Assets.xcassets */; };
		52133C8F1BF8E41B00020480 /* LaunchScreen.storyboard in Resources */ = {isa = PBXBuildFile; fileRef = 52133C8D1BF8E41B00020480 /* LaunchScreen.storyboard */; };
		52133C981BF8E83B00020480 /* ProductsTableViewController.m in Sources */ = {isa = PBXBuildFile; fileRef = 52133C971BF8E83B00020480 /* ProductsTableViewController.m */; };
		52133C9B1BF8EDDB00020480 /* NetworkManager.m in Sources */ = {isa = PBXBuildFile; fileRef = 52133C9A1BF8EDDB00020480 /* NetworkManager.m */; };
		52133CC01BFA0F4800020480 /* DataManager.m in Sources */ = {isa = PBXBuildFile; fileRef = 52133CBF1BFA0F4800020480 /* DataManager.m */; };
		52133CC41BFA0FC200020480 /* Categorie.m in Sources */ = {isa = PBXBuildFile; fileRef = 52133CC31BFA0FC200020480 /* Categorie.m */; };
		52133CC71BFA0FDE00020480 /* Product.m in Sources */ = {isa = PBXBuildFile; fileRef = 52133CC61BFA0FDE00020480 /* Product.m */; };
		52AA61E81BFA27590098E8DB /* Localizable.strings in Resources */ = {isa = PBXBuildFile; fileRef = 52AA61EA1BFA27590098E8DB /* Localizable.strings */; };
		AEF9516C635F45F8DFE47A48 /* libPods-Test_TillerSystems.a in Frameworks */ = {isa = PBXBuildFile; fileRef = 86326F6CF17AC786BA310E0E /* libPods-Test_TillerSystems.a */; };
/* End PBXBuildFile section */

/* Begin PBXFileReference section */
		10F124C3B4BC5BB0C2DBFAC3 /* Pods-Test_TillerSystems.release.xcconfig */ = {isa = PBXFileReference; includeInIndex = 1; lastKnownFileType = text.xcconfig; name = "Pods-Test_TillerSystems.release.xcconfig"; path = "Pods/Target Support Files/Pods-Test_TillerSystems/Pods-Test_TillerSystems.release.xcconfig"; sourceTree = "<group>"; };
		46CF5A8C1DCE12C058F6038C /* Pods-Test_TillerSystems.debug.xcconfig */ = {isa = PBXFileReference; includeInIndex = 1; lastKnownFileType = text.xcconfig; name = "Pods-Test_TillerSystems.debug.xcconfig"; path = "Pods/Target Support Files/Pods-Test_TillerSystems/Pods-Test_TillerSystems.debug.xcconfig"; sourceTree = "<group>"; };
		52133C7C1BF8E41A00020480 /* Test_TillerSystems.app */ = {isa = PBXFileReference; explicitFileType = wrapper.application; includeInIndex = 0; path = Test_TillerSystems.app; sourceTree = BUILT_PRODUCTS_DIR; };
		52133C801BF8E41A00020480 /* main.m */ = {isa = PBXFileReference; lastKnownFileType = sourcecode.c.objc; path = main.m; sourceTree = "<group>"; };
		52133C821BF8E41A00020480 /* AppDelegate.h */ = {isa = PBXFileReference; lastKnownFileType = sourcecode.c.h; path = AppDelegate.h; sourceTree = "<group>"; };
		52133C831BF8E41A00020480 /* AppDelegate.m */ = {isa = PBXFileReference; lastKnownFileType = sourcecode.c.objc; path = AppDelegate.m; sourceTree = "<group>"; };
		52133C851BF8E41A00020480 /* CategoriesTableViewController.h */ = {isa = PBXFileReference; lastKnownFileType = sourcecode.c.h; path = CategoriesTableViewController.h; sourceTree = "<group>"; };
		52133C861BF8E41A00020480 /* CategoriesTableViewController.m */ = {isa = PBXFileReference; lastKnownFileType = sourcecode.c.objc; path = CategoriesTableViewController.m; sourceTree = "<group>"; };
		52133C8B1BF8E41B00020480 /* Assets.xcassets */ = {isa = PBXFileReference; lastKnownFileType = folder.assetcatalog; path = Assets.xcassets; sourceTree = "<group>"; };
		52133C8E1BF8E41B00020480 /* Base */ = {isa = PBXFileReference; lastKnownFileType = file.storyboard; name = Base; path = Base.lproj/LaunchScreen.storyboard; sourceTree = "<group>"; };
		52133C901BF8E41B00020480 /* Info.plist */ = {isa = PBXFileReference; lastKnownFileType = text.plist.xml; path = Info.plist; sourceTree = "<group>"; };
		52133C961BF8E83B00020480 /* ProductsTableViewController.h */ = {isa = PBXFileReference; fileEncoding = 4; lastKnownFileType = sourcecode.c.h; path = ProductsTableViewController.h; sourceTree = "<group>"; };
		52133C971BF8E83B00020480 /* ProductsTableViewController.m */ = {isa = PBXFileReference; fileEncoding = 4; lastKnownFileType = sourcecode.c.objc; path = ProductsTableViewController.m; sourceTree = "<group>"; };
		52133C991BF8EDDB00020480 /* NetworkManager.h */ = {isa = PBXFileReference; fileEncoding = 4; lastKnownFileType = sourcecode.c.h; name = NetworkManager.h; path = Managers/NetworkManager.h; sourceTree = "<group>"; };
		52133C9A1BF8EDDB00020480 /* NetworkManager.m */ = {isa = PBXFileReference; fileEncoding = 4; lastKnownFileType = sourcecode.c.objc; name = NetworkManager.m; path = Managers/NetworkManager.m; sourceTree = "<group>"; };
		52133CBE1BFA0F4800020480 /* DataManager.h */ = {isa = PBXFileReference; fileEncoding = 4; lastKnownFileType = sourcecode.c.h; name = DataManager.h; path = Managers/DataManager.h; sourceTree = "<group>"; };
		52133CBF1BFA0F4800020480 /* DataManager.m */ = {isa = PBXFileReference; fileEncoding = 4; lastKnownFileType = sourcecode.c.objc; name = DataManager.m; path = Managers/DataManager.m; sourceTree = "<group>"; };
		52133CC21BFA0FC200020480 /* Categorie.h */ = {isa = PBXFileReference; fileEncoding = 4; lastKnownFileType = sourcecode.c.h; name = Categorie.h; path = Models/Categorie.h; sourceTree = "<group>"; };
		52133CC31BFA0FC200020480 /* Categorie.m */ = {isa = PBXFileReference; fileEncoding = 4; lastKnownFileType = sourcecode.c.objc; name = Categorie.m; path = Models/Categorie.m; sourceTree = "<group>"; };
		52133CC51BFA0FDE00020480 /* Product.h */ = {isa = PBXFileReference; fileEncoding = 4; lastKnownFileType = sourcecode.c.h; name = Product.h; path = Models/Product.h; sourceTree = "<group>"; };
		52133CC61BFA0FDE00020480 /* Product.m */ = {isa = PBXFileReference; fileEncoding = 4; lastKnownFileType = sourcecode.c.objc; name = Product.m; path = Models/Product.m; sourceTree = "<group>"; };
		52AA61E91BFA27590098E8DB /* en */ = {isa = PBXFileReference; lastKnownFileType = text.plist.strings; name = en; path = en.lproj/Localizable.strings; sourceTree = "<group>"; };
		52AA61EB1BFA27740098E8DB /* fr */ = {isa = PBXFileReference; lastKnownFileType = text.plist.strings; name = fr; path = fr.lproj/LaunchScreen.strings; sourceTree = "<group>"; };
		52AA61EC1BFA27740098E8DB /* fr */ = {isa = PBXFileReference; lastKnownFileType = text.plist.strings; name = fr; path = fr.lproj/Localizable.strings; sourceTree = "<group>"; };
		86326F6CF17AC786BA310E0E /* libPods-Test_TillerSystems.a */ = {isa = PBXFileReference; explicitFileType = archive.ar; includeInIndex = 0; path = "libPods-Test_TillerSystems.a"; sourceTree = BUILT_PRODUCTS_DIR; };
/* End PBXFileReference section */

/* Begin PBXFrameworksBuildPhase section */
		52133C791BF8E41A00020480 /* Frameworks */ = {
			isa = PBXFrameworksBuildPhase;
			buildActionMask = 2147483647;
			files = (
				AEF9516C635F45F8DFE47A48 /* libPods-Test_TillerSystems.a in Frameworks */,
			);
			runOnlyForDeploymentPostprocessing = 0;
		};
/* End PBXFrameworksBuildPhase section */

/* Begin PBXGroup section */
		52133C731BF8E41A00020480 = {
			isa = PBXGroup;
			children = (
				52133C7E1BF8E41A00020480 /* Test_TillerSystems */,
				52133C7D1BF8E41A00020480 /* Products */,
				B96FBA37E2F639DE88CFFE84 /* Pods */,
				FA7A9AE113B596129CF4A57B /* Frameworks */,
			);
			sourceTree = "<group>";
		};
		52133C7D1BF8E41A00020480 /* Products */ = {
			isa = PBXGroup;
			children = (
				52133C7C1BF8E41A00020480 /* Test_TillerSystems.app */,
			);
			name = Products;
			sourceTree = "<group>";
		};
		52133C7E1BF8E41A00020480 /* Test_TillerSystems */ = {
			isa = PBXGroup;
			children = (
				52133C821BF8E41A00020480 /* AppDelegate.h */,
				52133C831BF8E41A00020480 /* AppDelegate.m */,
				52133CC11BFA0F9700020480 /* Models */,
				52133C9C1BF8EDDF00020480 /* Managers */,
				52133C9D1BF8EDE700020480 /* Controllers */,
				52133C8B1BF8E41B00020480 /* Assets.xcassets */,
				52133C8D1BF8E41B00020480 /* LaunchScreen.storyboard */,
				52133C901BF8E41B00020480 /* Info.plist */,
				52133C7F1BF8E41A00020480 /* Supporting Files */,
			);
			path = Test_TillerSystems;
			sourceTree = "<group>";
		};
		52133C7F1BF8E41A00020480 /* Supporting Files */ = {
			isa = PBXGroup;
			children = (
				52AA61EA1BFA27590098E8DB /* Localizable.strings */,
				52133C801BF8E41A00020480 /* main.m */,
			);
			name = "Supporting Files";
			sourceTree = "<group>";
		};
		52133C9C1BF8EDDF00020480 /* Managers */ = {
			isa = PBXGroup;
			children = (
				52133C991BF8EDDB00020480 /* NetworkManager.h */,
				52133C9A1BF8EDDB00020480 /* NetworkManager.m */,
				52133CBE1BFA0F4800020480 /* DataManager.h */,
				52133CBF1BFA0F4800020480 /* DataManager.m */,
			);
			name = Managers;
			sourceTree = "<group>";
		};
		52133C9D1BF8EDE700020480 /* Controllers */ = {
			isa = PBXGroup;
			children = (
				52133C851BF8E41A00020480 /* CategoriesTableViewController.h */,
				52133C861BF8E41A00020480 /* CategoriesTableViewController.m */,
				52133C961BF8E83B00020480 /* ProductsTableViewController.h */,
				52133C971BF8E83B00020480 /* ProductsTableViewController.m */,
			);
			name = Controllers;
			sourceTree = "<group>";
		};
		52133CC11BFA0F9700020480 /* Models */ = {
			isa = PBXGroup;
			children = (
				52133CC21BFA0FC200020480 /* Categorie.h */,
				52133CC31BFA0FC200020480 /* Categorie.m */,
				52133CC51BFA0FDE00020480 /* Product.h */,
				52133CC61BFA0FDE00020480 /* Product.m */,
			);
			name = Models;
			sourceTree = "<group>";
		};
		B96FBA37E2F639DE88CFFE84 /* Pods */ = {
			isa = PBXGroup;
			children = (
				46CF5A8C1DCE12C058F6038C /* Pods-Test_TillerSystems.debug.xcconfig */,
				10F124C3B4BC5BB0C2DBFAC3 /* Pods-Test_TillerSystems.release.xcconfig */,
			);
			name = Pods;
			sourceTree = "<group>";
		};
		FA7A9AE113B596129CF4A57B /* Frameworks */ = {
			isa = PBXGroup;
			children = (
				86326F6CF17AC786BA310E0E /* libPods-Test_TillerSystems.a */,
			);
			name = Frameworks;
			sourceTree = "<group>";
		};
/* End PBXGroup section */

/* Begin PBXNativeTarget section */
		52133C7B1BF8E41A00020480 /* Test_TillerSystems */ = {
			isa = PBXNativeTarget;
			buildConfigurationList = 52133C931BF8E41B00020480 /* Build configuration list for PBXNativeTarget "Test_TillerSystems" */;
			buildPhases = (
				73CF7E622F8DDBEAD3940F21 /* Check Pods Manifest.lock */,
				52133C781BF8E41A00020480 /* Sources */,
				52133C791BF8E41A00020480 /* Frameworks */,
				52133C7A1BF8E41A00020480 /* Resources */,
				B70028E047E5EA89ABDF2383 /* Embed Pods Frameworks */,
				9CAC4574F2EE39F2E7FB9D6B /* Copy Pods Resources */,
			);
			buildRules = (
			);
			dependencies = (
			);
			name = Test_TillerSystems;
			productName = Test_TillerSystems;
			productReference = 52133C7C1BF8E41A00020480 /* Test_TillerSystems.app */;
			productType = "com.apple.product-type.application";
		};
/* End PBXNativeTarget section */

/* Begin PBXProject section */
		52133C741BF8E41A00020480 /* Project object */ = {
			isa = PBXProject;
			attributes = {
				LastUpgradeCheck = 0710;
				ORGANIZATIONNAME = TillerSystems;
				TargetAttributes = {
					52133C7B1BF8E41A00020480 = {
						CreatedOnToolsVersion = 7.1.1;
					};
				};
			};
			buildConfigurationList = 52133C771BF8E41A00020480 /* Build configuration list for PBXProject "Test_TillerSystems" */;
			compatibilityVersion = "Xcode 3.2";
			developmentRegion = English;
			hasScannedForEncodings = 0;
			knownRegions = (
				en,
				Base,
				fr,
			);
			mainGroup = 52133C731BF8E41A00020480;
			productRefGroup = 52133C7D1BF8E41A00020480 /* Products */;
			projectDirPath = "";
			projectRoot = "";
			targets = (
				52133C7B1BF8E41A00020480 /* Test_TillerSystems */,
			);
		};
/* End PBXProject section */

/* Begin PBXResourcesBuildPhase section */
		52133C7A1BF8E41A00020480 /* Resources */ = {
			isa = PBXResourcesBuildPhase;
			buildActionMask = 2147483647;
			files = (
				52133C8F1BF8E41B00020480 /* LaunchScreen.storyboard in Resources */,
				52AA61E81BFA27590098E8DB /* Localizable.strings in Resources */,
				52133C8C1BF8E41B00020480 /* Assets.xcassets in Resources */,
			);
			runOnlyForDeploymentPostprocessing = 0;
		};
/* End PBXResourcesBuildPhase section */

/* Begin PBXShellScriptBuildPhase section */
		73CF7E622F8DDBEAD3940F21 /* Check Pods Manifest.lock */ = {
			isa = PBXShellScriptBuildPhase;
			buildActionMask = 2147483647;
			files = (
			);
			inputPaths = (
			);
			name = "Check Pods Manifest.lock";
			outputPaths = (
			);
			runOnlyForDeploymentPostprocessing = 0;
			shellPath = /bin/sh;
			shellScript = "diff \"${PODS_ROOT}/../Podfile.lock\" \"${PODS_ROOT}/Manifest.lock\" > /dev/null\nif [[ $? != 0 ]] ; then\n    cat << EOM\nerror: The sandbox is not in sync with the Podfile.lock. Run 'pod install' or update your CocoaPods installation.\nEOM\n    exit 1\nfi\n";
			showEnvVarsInLog = 0;
		};
		9CAC4574F2EE39F2E7FB9D6B /* Copy Pods Resources */ = {
			isa = PBXShellScriptBuildPhase;
			buildActionMask = 2147483647;
			files = (
			);
			inputPaths = (
			);
			name = "Copy Pods Resources";
			outputPaths = (
			);
			runOnlyForDeploymentPostprocessing = 0;
			shellPath = /bin/sh;
			shellScript = "\"${SRCROOT}/Pods/Target Support Files/Pods-Test_TillerSystems/Pods-Test_TillerSystems-resources.sh\"\n";
			showEnvVarsInLog = 0;
		};
		B70028E047E5EA89ABDF2383 /* Embed Pods Frameworks */ = {
			isa = PBXShellScriptBuildPhase;
			buildActionMask = 2147483647;
			files = (
			);
			inputPaths = (
			);
			name = "Embed Pods Frameworks";
			outputPaths = (
			);
			runOnlyForDeploymentPostprocessing = 0;
			shellPath = /bin/sh;
			shellScript = "\"${SRCROOT}/Pods/Target Support Files/Pods-Test_TillerSystems/Pods-Test_TillerSystems-frameworks.sh\"\n";
			showEnvVarsInLog = 0;
		};
/* End PBXShellScriptBuildPhase section */

/* Begin PBXSourcesBuildPhase section */
		52133C781BF8E41A00020480 /* Sources */ = {
			isa = PBXSourcesBuildPhase;
			buildActionMask = 2147483647;
			files = (
				52133C871BF8E41A00020480 /* CategoriesTableViewController.m in Sources */,
				52133CC41BFA0FC200020480 /* Categorie.m in Sources */,
				52133CC01BFA0F4800020480 /* DataManager.m in Sources */,
				52133C841BF8E41A00020480 /* AppDelegate.m in Sources */,
				52133C811BF8E41A00020480 /* main.m in Sources */,
				52133CC71BFA0FDE00020480 /* Product.m in Sources */,
				52133C9B1BF8EDDB00020480 /* NetworkManager.m in Sources */,
				52133C981BF8E83B00020480 /* ProductsTableViewController.m in Sources */,
			);
			runOnlyForDeploymentPostprocessing = 0;
		};
/* End PBXSourcesBuildPhase section */

/* Begin PBXVariantGroup section */
		52133C8D1BF8E41B00020480 /* LaunchScreen.storyboard */ = {
			isa = PBXVariantGroup;
			children = (
				52133C8E1BF8E41B00020480 /* Base */,
				52AA61EB1BFA27740098E8DB /* fr */,
			);
			name = LaunchScreen.storyboard;
			sourceTree = "<group>";
		};
		52AA61EA1BFA27590098E8DB /* Localizable.strings */ = {
			isa = PBXVariantGroup;
			children = (
				52AA61E91BFA27590098E8DB /* en */,
				52AA61EC1BFA27740098E8DB /* fr */,
			);
			name = Localizable.strings;
			sourceTree = "<group>";
		};
/* End PBXVariantGroup section */

/* Begin XCBuildConfiguration section */
		52133C911BF8E41B00020480 /* Debug */ = {
			isa = XCBuildConfiguration;
			buildSettings = {
				ALWAYS_SEARCH_USER_PATHS = NO;
				CLANG_CXX_LANGUAGE_STANDARD = "gnu++0x";
				CLANG_CXX_LIBRARY = "libc++";
				CLANG_ENABLE_MODULES = YES;
				CLANG_ENABLE_OBJC_ARC = YES;
				CLANG_WARN_BOOL_CONVERSION = YES;
				CLANG_WARN_CONSTANT_CONVERSION = YES;
				CLANG_WARN_DIRECT_OBJC_ISA_USAGE = YES_ERROR;
				CLANG_WARN_EMPTY_BODY = YES;
				CLANG_WARN_ENUM_CONVERSION = YES;
				CLANG_WARN_INT_CONVERSION = YES;
				CLANG_WARN_OBJC_ROOT_CLASS = YES_ERROR;
				CLANG_WARN_UNREACHABLE_CODE = YES;
				CLANG_WARN__DUPLICATE_METHOD_MATCH = YES;
				"CODE_SIGN_IDENTITY[sdk=iphoneos*]" = "iPhone Developer";
				COPY_PHASE_STRIP = NO;
				DEBUG_INFORMATION_FORMAT = dwarf;
				ENABLE_STRICT_OBJC_MSGSEND = YES;
				ENABLE_TESTABILITY = YES;
				GCC_C_LANGUAGE_STANDARD = gnu99;
				GCC_DYNAMIC_NO_PIC = NO;
				GCC_NO_COMMON_BLOCKS = YES;
				GCC_OPTIMIZATION_LEVEL = 0;
				GCC_PREPROCESSOR_DEFINITIONS = (
					"DEBUG=1",
					"$(inherited)",
				);
				GCC_WARN_64_TO_32_BIT_CONVERSION = YES;
				GCC_WARN_ABOUT_RETURN_TYPE = YES_ERROR;
				GCC_WARN_UNDECLARED_SELECTOR = YES;
				GCC_WARN_UNINITIALIZED_AUTOS = YES_AGGRESSIVE;
				GCC_WARN_UNUSED_FUNCTION = YES;
				GCC_WARN_UNUSED_VARIABLE = YES;
				IPHONEOS_DEPLOYMENT_TARGET = 9.1;
				MTL_ENABLE_DEBUG_INFO = YES;
				ONLY_ACTIVE_ARCH = YES;
				SDKROOT = iphoneos;
				TARGETED_DEVICE_FAMILY = "1,2";
			};
			name = Debug;
		};
		52133C921BF8E41B00020480 /* Release */ = {
			isa = XCBuildConfiguration;
			buildSettings = {
				ALWAYS_SEARCH_USER_PATHS = NO;
				CLANG_CXX_LANGUAGE_STANDARD = "gnu++0x";
				CLANG_CXX_LIBRARY = "libc++";
				CLANG_ENABLE_MODULES = YES;
				CLANG_ENABLE_OBJC_ARC = YES;
				CLANG_WARN_BOOL_CONVERSION = YES;
				CLANG_WARN_CONSTANT_CONVERSION = YES;
				CLANG_WARN_DIRECT_OBJC_ISA_USAGE = YES_ERROR;
				CLANG_WARN_EMPTY_BODY = YES;
				CLANG_WARN_ENUM_CONVERSION = YES;
				CLANG_WARN_INT_CONVERSION = YES;
				CLANG_WARN_OBJC_ROOT_CLASS = YES_ERROR;
				CLANG_WARN_UNREACHABLE_CODE = YES;
				CLANG_WARN__DUPLICATE_METHOD_MATCH = YES;
				"CODE_SIGN_IDENTITY[sdk=iphoneos*]" = "iPhone Developer";
				COPY_PHASE_STRIP = NO;
				DEBUG_INFORMATION_FORMAT = "dwarf-with-dsym";
				ENABLE_NS_ASSERTIONS = NO;
				ENABLE_STRICT_OBJC_MSGSEND = YES;
				GCC_C_LANGUAGE_STANDARD = gnu99;
				GCC_NO_COMMON_BLOCKS = YES;
				GCC_WARN_64_TO_32_BIT_CONVERSION = YES;
				GCC_WARN_ABOUT_RETURN_TYPE = YES_ERROR;
				GCC_WARN_UNDECLARED_SELECTOR = YES;
				GCC_WARN_UNINITIALIZED_AUTOS = YES_AGGRESSIVE;
				GCC_WARN_UNUSED_FUNCTION = YES;
				GCC_WARN_UNUSED_VARIABLE = YES;
				IPHONEOS_DEPLOYMENT_TARGET = 9.1;
				MTL_ENABLE_DEBUG_INFO = NO;
				SDKROOT = iphoneos;
				TARGETED_DEVICE_FAMILY = "1,2";
				VALIDATE_PRODUCT = YES;
			};
			name = Release;
		};
		52133C941BF8E41B00020480 /* Debug */ = {
			isa = XCBuildConfiguration;
			baseConfigurationReference = 46CF5A8C1DCE12C058F6038C /* Pods-Test_TillerSystems.debug.xcconfig */;
			buildSettings = {
				ASSETCATALOG_COMPILER_APPICON_NAME = AppIcon;
				INFOPLIST_FILE = Test_TillerSystems/Info.plist;
				IPHONEOS_DEPLOYMENT_TARGET = 8.4;
				LD_RUNPATH_SEARCH_PATHS = "$(inherited) @executable_path/Frameworks";
				PRODUCT_BUNDLE_IDENTIFIER = "TillerSystems.Test-TillerSystems";
				PRODUCT_NAME = "$(TARGET_NAME)";
			};
			name = Debug;
		};
		52133C951BF8E41B00020480 /* Release */ = {
			isa = XCBuildConfiguration;
			baseConfigurationReference = 10F124C3B4BC5BB0C2DBFAC3 /* Pods-Test_TillerSystems.release.xcconfig */;
			buildSettings = {
				ASSETCATALOG_COMPILER_APPICON_NAME = AppIcon;
				INFOPLIST_FILE = Test_TillerSystems/Info.plist;
				IPHONEOS_DEPLOYMENT_TARGET = 8.4;
				LD_RUNPATH_SEARCH_PATHS = "$(inherited) @executable_path/Frameworks";
				PRODUCT_BUNDLE_IDENTIFIER = "TillerSystems.Test-TillerSystems";
				PRODUCT_NAME = "$(TARGET_NAME)";
			};
			name = Release;
		};
/* End XCBuildConfiguration section */

/* Begin XCConfigurationList section */
		52133C771BF8E41A00020480 /* Build configuration list for PBXProject "Test_TillerSystems" */ = {
			isa = XCConfigurationList;
			buildConfigurations = (
				52133C911BF8E41B00020480 /* Debug */,
				52133C921BF8E41B00020480 /* Release */,
			);
			defaultConfigurationIsVisible = 0;
			defaultConfigurationName = Release;
		};
		52133C931BF8E41B00020480 /* Build configuration list for PBXNativeTarget "Test_TillerSystems" */ = {
			isa = XCConfigurationList;
			buildConfigurations = (
				52133C941BF8E41B00020480 /* Debug */,
				52133C951BF8E41B00020480 /* Release */,
			);
			defaultConfigurationIsVisible = 0;
			defaultConfigurationName = Release;
		};
/* End XCConfigurationList section */
	};
	rootObject = 52133C741BF8E41A00020480 /* Project object */;
}
